{
  "name": "six-approaches-to-dependency-injection",
  "version": "0.0.1",
  "lockfileVersion": 1,
  "requires": true,
  "dependencies": {
    "@types/node": {
      "version": "14.17.19",
      "resolved": "https://registry.npmjs.org/@types/node/-/node-14.17.19.tgz",
      "integrity": "sha512-jjYI6NkyfXykucU6ELEoT64QyKOdvaA6enOqKtP4xUsGY0X0ZUZz29fUmrTRo+7v7c6TgDu82q3GHHaCEkqZwA==",
      "dev": true
    },
    "fp-ts": {
      "version": "2.11.4",
      "resolved": "https://registry.npmjs.org/fp-ts/-/fp-ts-2.11.4.tgz",
      "integrity": "sha512-lhV7tGEbs2qoVw4vmqOovChS7CAoIYU0gdiPEF8Vc4bLZct+PAMMeXrCqRyBNEo33XOvwvAmFDEDIrHPWH2/fg=="
    },
    "prettier": {
      "version": "2.4.1",
      "resolved": "https://registry.npmjs.org/prettier/-/prettier-2.4.1.tgz",
      "integrity": "sha512-9fbDAXSBcc6Bs1mZrDYb3XKzDLm4EXXL9sC1LqKP5rZkT6KRr/rf9amVUcODVXgguK/isJz0d0hP72WeaKWsvA==",
      "dev": true
    },
    "tslib": {
      "version": "2.3.1",
      "resolved": "https://registry.npmjs.org/tslib/-/tslib-2.3.1.tgz",
      "integrity": "sha512-77EbyPPpMz+FRFRuAFlWMtmgUWGe9UOG2Z25NqCwiIjRhOf5iKGuzSe5P2w1laq+FkRy4p+PCuVkJSGkzTEKVw==",
      "dev": true
    },
    "typescript": {
      "version": "4.4.3",
      "resolved": "https://registry.npmjs.org/typescript/-/typescript-4.4.3.tgz",
      "integrity": "sha512-4xfscpisVgqqDfPaJo5vkd+Qd/ItkoagnHpufr+i2QCHBsNYp+G7UAoyFl8aPtx879u38wPV65rZ8qbGZijalA==",
      "dev": true
    }
  }
}
