{
  "name": "six-approaches-to-dependency-injection",
  "version": "0.0.1",
  "lockfileVersion": 1,
  "requires": true,
  "dependencies": {
    "@types/node": {
      "version": "14.17.22",
      "resolved": "https://registry.npmjs.org/@types/node/-/node-14.17.22.tgz",
      "integrity": "sha512-6Mgu9YWd8j0dk9M8V9+5w6ktqIFCcn/fFXAVIDFk/niAOFiOiz4GeFAMWYAQjKrcsASbFqMkqR8/Y2wuVCAkNg==",
      "dev": true
    },
    "fp-ts": {
      "version": "2.11.4",
      "resolved": "https://registry.npmjs.org/fp-ts/-/fp-ts-2.11.4.tgz",
      "integrity": "sha512-lhV7tGEbs2qoVw4vmqOovChS7CAoIYU0gdiPEF8Vc4bLZct+PAMMeXrCqRyBNEo33XOvwvAmFDEDIrHPWH2/fg=="
    },
    "prettier": {
      "version": "2.4.1",
      "resolved": "https://registry.npmjs.org/prettier/-/prettier-2.4.1.tgz",
      "integrity": "sha512-9fbDAXSBcc6Bs1mZrDYb3XKzDLm4EXXL9sC1LqKP5rZkT6KRr/rf9amVUcODVXgguK/isJz0d0hP72WeaKWsvA==",
      "dev": true
    },
    "tslib": {
      "version": "2.3.1",
      "resolved": "https://registry.npmjs.org/tslib/-/tslib-2.3.1.tgz",
      "integrity": "sha512-77EbyPPpMz+FRFRuAFlWMtmgUWGe9UOG2Z25NqCwiIjRhOf5iKGuzSe5P2w1laq+FkRy4p+PCuVkJSGkzTEKVw==",
      "dev": true
    },
    "typescript": {
      "version": "4.4.4",
      "resolved": "https://registry.npmjs.org/typescript/-/typescript-4.4.4.tgz",
      "integrity": "sha512-DqGhF5IKoBl8WNf8C1gu8q0xZSInh9j1kJJMqT3a94w1JzVaBU4EXOSMrz9yDqMT0xt3selp83fuFMQ0uzv6qA==",
      "dev": true
    }
  }
}
