{
  "name": "six-approaches-to-dependency-injection",
  "version": "0.0.1",
  "lockfileVersion": 1,
  "requires": true,
  "dependencies": {
    "@types/node": {
      "version": "14.14.42",
      "resolved": "https://registry.npmjs.org/@types/node/-/node-14.14.42.tgz",
      "integrity": "sha512-88QoObqn9WYIUMRzOx92GmSHmU3JCyukC2ulEv8tFjUG9VeV2FQ/cA7VQ1gi+rB/+gBMVvzVFcTnz8RdMDVIWw==",
      "dev": true
    },
    "fp-ts": {
      "version": "2.10.4",
      "resolved": "https://registry.npmjs.org/fp-ts/-/fp-ts-2.10.4.tgz",
      "integrity": "sha512-vMTB5zNc9PnE20q145PNbkiL9P9WegwmKVOFloi/NfHnPdAlcob6I3AKqlH/9u3k3/M/GOftZhcJdBrb+NtnDA=="
    },
    "prettier": {
      "version": "2.2.1",
      "resolved": "https://registry.npmjs.org/prettier/-/prettier-2.2.1.tgz",
      "integrity": "sha512-PqyhM2yCjg/oKkFPtTGUojv7gnZAoG80ttl45O6x2Ug/rMJw4wcc9k6aaf2hibP7BGVCCM33gZoGjyvt9mm16Q==",
      "dev": true
    },
    "tslib": {
      "version": "2.2.0",
      "resolved": "https://registry.npmjs.org/tslib/-/tslib-2.2.0.tgz",
      "integrity": "sha512-gS9GVHRU+RGn5KQM2rllAlR3dU6m7AcpJKdtH8gFvQiC4Otgk98XnmMU+nZenHt/+VhnBPWwgrJsyrdcw6i23w==",
      "dev": true
    },
    "typescript": {
      "version": "4.2.4",
      "resolved": "https://registry.npmjs.org/typescript/-/typescript-4.2.4.tgz",
      "integrity": "sha512-V+evlYHZnQkaz8TRBuxTA92yZBPotr5H+WhQ7bD3hZUndx5tGOa1fuCgeSjxAzM1RiN5IzvadIXTVefuuwZCRg==",
      "dev": true
    }
  }
}
